Microsoft Visual Studio Solution File, Format Version 11.00
# Visual Studio 2008

Project("{F801102E-6241-4111-ECCA-3B0DFD92946A}") = "Bouncing Frog", "Assembly-CSharp.csproj", "{0D84FF19-CF9B-3E84-6C3A-9BB97B3332FF}"
EndProject
Global
	GlobalSection(SolutionConfigurationPlatforms) = preSolution
		Debug|Any CPU = Debug|Any CPU
		Release|Any CPU = Release|Any CPU
	EndGlobalSection
	GlobalSection(ProjectConfigurationPlatforms) = postSolution
		{0D84FF19-CF9B-3E84-6C3A-9BB97B3332FF}.Debug|Any CPU.ActiveCfg = Debug|Any CPU
		{0D84FF19-CF9B-3E84-6C3A-9BB97B3332FF}.Debug|Any CPU.Build.0 = Debug|Any CPU
		{0D84FF19-CF9B-3E84-6C3A-9BB97B3332FF}.Release|Any CPU.ActiveCfg = Release|Any CPU
		{0D84FF19-CF9B-3E84-6C3A-9BB97B3332FF}.Release|Any CPU.Build.0 = Release|Any CPU
	EndGlobalSection
	GlobalSection(SolutionProperties) = preSolution
		HideSolutionNode = FALSE
	EndGlobalSection
	GlobalSection(MonoDevelopProperties) = preSolution
		StartupItem = Assembly-CSharp.csproj
	EndGlobalSection
EndGlobal
